// !$*UTF8*$!
{
	archiveVersion = 1;
	classes = {
	};
	objectVersion = 46;
	objects = {

/* Begin PBXBuildFile section */
		C3972A8D18CAD92900D265BA /* Foundation.framework in Frameworks */ = {isa = PBXBuildFile; fileRef = C3972A8C18CAD92900D265BA /* Foundation.framework */; };
		C3972A8F18CAD92900D265BA /* CoreGraphics.framework in Frameworks */ = {isa = PBXBuildFile; fileRef = C3972A8E18CAD92900D265BA /* CoreGraphics.framework */; };
		C3972A9118CAD92900D265BA /* UIKit.framework in Frameworks */ = {isa = PBXBuildFile; fileRef = C3972A9018CAD92900D265BA /* UIKit.framework */; };
		C3972A9718CAD92900D265BA /* InfoPlist.strings in Resources */ = {isa = PBXBuildFile; fileRef = C3972A9518CAD92900D265BA /* InfoPlist.strings */; };
		C3972A9918CAD92900D265BA /* main.m in Sources */ = {isa = PBXBuildFile; fileRef = C3972A9818CAD92900D265BA /* main.m */; };
		C3972A9D18CAD92900D265BA /* AppDelegate.m in Sources */ = {isa = PBXBuildFile; fileRef = C3972A9C18CAD92900D265BA /* AppDelegate.m */; };
		C3972A9F18CAD92900D265BA /* Images.xcassets in Resources */ = {isa = PBXBuildFile; fileRef = C3972A9E18CAD92900D265BA /* Images.xcassets */; };
		C3972AA618CAD92900D265BA /* XCTest.framework in Frameworks */ = {isa = PBXBuildFile; fileRef = C3972AA518CAD92900D265BA /* XCTest.framework */; };
		C3972AA718CAD92900D265BA /* Foundation.framework in Frameworks */ = {isa = PBXBuildFile; fileRef = C3972A8C18CAD92900D265BA /* Foundation.framework */; };
		C3972AA818CAD92900D265BA /* UIKit.framework in Frameworks */ = {isa = PBXBuildFile; fileRef = C3972A9018CAD92900D265BA /* UIKit.framework */; };
		C3972AB018CAD92900D265BA /* InfoPlist.strings in Resources */ = {isa = PBXBuildFile; fileRef = C3972AAE18CAD92900D265BA /* InfoPlist.strings */; };
		C3972AB218CAD92900D265BA /* test11_PlotlyTestTests.m in Sources */ = {isa = PBXBuildFile; fileRef = C3972AB118CAD92900D265BA /* test11_PlotlyTestTests.m */; };
/* End PBXBuildFile section */

/* Begin PBXContainerItemProxy section */
		C3972AA918CAD92900D265BA /* PBXContainerItemProxy */ = {
			isa = PBXContainerItemProxy;
			containerPortal = C3972A8118CAD92900D265BA /* Project object */;
			proxyType = 1;
			remoteGlobalIDString = C3972A8818CAD92900D265BA;
			remoteInfo = test11_PlotlyTest;
		};
/* End PBXContainerItemProxy section */

/* Begin PBXFileReference section */
		C3972A8918CAD92900D265BA /* test11_PlotlyTest.app */ = {isa = PBXFileReference; explicitFileType = wrapper.application; includeInIndex = 0; path = test11_PlotlyTest.app; sourceTree = BUILT_PRODUCTS_DIR; };
		C3972A8C18CAD92900D265BA /* Foundation.framework */ = {isa = PBXFileReference; lastKnownFileType = wrapper.framework; name = Foundation.framework; path = System/Library/Frameworks/Foundation.framework; sourceTree = SDKROOT; };
		C3972A8E18CAD92900D265BA /* CoreGraphics.framework */ = {isa = PBXFileReference; lastKnownFileType = wrapper.framework; name = CoreGraphics.framework; path = System/Library/Frameworks/CoreGraphics.framework; sourceTree = SDKROOT; };
		C3972A9018CAD92900D265BA /* UIKit.framework */ = {isa = PBXFileReference; lastKnownFileType = wrapper.framework; name = UIKit.framework; path = System/Library/Frameworks/UIKit.framework; sourceTree = SDKROOT; };
		C3972A9418CAD92900D265BA /* test11_PlotlyTest-Info.plist */ = {isa = PBXFileReference; lastKnownFileType = text.plist.xml; path = "test11_PlotlyTest-Info.plist"; sourceTree = "<group>"; };
		C3972A9618CAD92900D265BA /* en */ = {isa = PBXFileReference; lastKnownFileType = text.plist.strings; name = en; path = en.lproj/InfoPlist.strings; sourceTree = "<group>"; };
		C3972A9818CAD92900D265BA /* main.m */ = {isa = PBXFileReference; lastKnownFileType = sourcecode.c.objc; path = main.m; sourceTree = "<group>"; };
		C3972A9A18CAD92900D265BA /* test11_PlotlyTest-Prefix.pch */ = {isa = PBXFileReference; lastKnownFileType = sourcecode.c.h; path = "test11_PlotlyTest-Prefix.pch"; sourceTree = "<group>"; };
		C3972A9B18CAD92900D265BA /* AppDelegate.h */ = {isa = PBXFileReference; lastKnownFileType = sourcecode.c.h; path = AppDelegate.h; sourceTree = "<group>"; };
		C3972A9C18CAD92900D265BA /* AppDelegate.m */ = {isa = PBXFileReference; lastKnownFileType = sourcecode.c.objc; path = AppDelegate.m; sourceTree = "<group>"; };
		C3972A9E18CAD92900D265BA /* Images.xcassets */ = {isa = PBXFileReference; lastKnownFileType = folder.assetcatalog; path = Images.xcassets; sourceTree = "<group>"; };
		C3972AA418CAD92900D265BA /* test11_PlotlyTestTests.xctest */ = {isa = PBXFileReference; explicitFileType = wrapper.cfbundle; includeInIndex = 0; path = test11_PlotlyTestTests.xctest; sourceTree = BUILT_PRODUCTS_DIR; };
		C3972AA518CAD92900D265BA /* XCTest.framework */ = {isa = PBXFileReference; lastKnownFileType = wrapper.framework; name = XCTest.framework; path = Library/Frameworks/XCTest.framework; sourceTree = DEVELOPER_DIR; };
		C3972AAD18CAD92900D265BA /* test11_PlotlyTestTests-Info.plist */ = {isa = PBXFileReference; lastKnownFileType = text.plist.xml; path = "test11_PlotlyTestTests-Info.plist"; sourceTree = "<group>"; };
		C3972AAF18CAD92900D265BA /* en */ = {isa = PBXFileReference; lastKnownFileType = text.plist.strings; name = en; path = en.lproj/InfoPlist.strings; sourceTree = "<group>"; };
		C3972AB118CAD92900D265BA /* test11_PlotlyTestTests.m */ = {isa = PBXFileReference; lastKnownFileType = sourcecode.c.objc; path = test11_PlotlyTestTests.m; sourceTree = "<group>"; };
/* End PBXFileReference section */

/* Begin PBXFrameworksBuildPhase section */
		C3972A8618CAD92900D265BA /* Frameworks */ = {
			isa = PBXFrameworksBuildPhase;
			buildActionMask = 2147483647;
			files = (
				C3972A8F18CAD92900D265BA /* CoreGraphics.framework in Frameworks */,
				C3972A9118CAD92900D265BA /* UIKit.framework in Frameworks */,
				C3972A8D18CAD92900D265BA /* Foundation.framework in Frameworks */,
			);
			runOnlyForDeploymentPostprocessing = 0;
		};
		C3972AA118CAD92900D265BA /* Frameworks */ = {
			isa = PBXFrameworksBuildPhase;
			buildActionMask = 2147483647;
			files = (
				C3972AA618CAD92900D265BA /* XCTest.framework in Frameworks */,
				C3972AA818CAD92900D265BA /* UIKit.framework in Frameworks */,
				C3972AA718CAD92900D265BA /* Foundation.framework in Frameworks */,
			);
			runOnlyForDeploymentPostprocessing = 0;
		};
/* End PBXFrameworksBuildPhase section */

/* Begin PBXGroup section */
		C3972A8018CAD92900D265BA = {
			isa = PBXGroup;
			children = (
				C3972A9218CAD92900D265BA /* test11_PlotlyTest */,
				C3972AAB18CAD92900D265BA /* test11_PlotlyTestTests */,
				C3972A8B18CAD92900D265BA /* Frameworks */,
				C3972A8A18CAD92900D265BA /* Products */,
			);
			sourceTree = "<group>";
		};
		C3972A8A18CAD92900D265BA /* Products */ = {
			isa = PBXGroup;
			children = (
				C3972A8918CAD92900D265BA /* test11_PlotlyTest.app */,
				C3972AA418CAD92900D265BA /* test11_PlotlyTestTests.xctest */,
			);
			name = Products;
			sourceTree = "<group>";
		};
		C3972A8B18CAD92900D265BA /* Frameworks */ = {
			isa = PBXGroup;
			children = (
				C3972A8C18CAD92900D265BA /* Foundation.framework */,
				C3972A8E18CAD92900D265BA /* CoreGraphics.framework */,
				C3972A9018CAD92900D265BA /* UIKit.framework */,
				C3972AA518CAD92900D265BA /* XCTest.framework */,
			);
			name = Frameworks;
			sourceTree = "<group>";
		};
		C3972A9218CAD92900D265BA /* test11_PlotlyTest */ = {
			isa = PBXGroup;
			children = (
				C3972A9B18CAD92900D265BA /* AppDelegate.h */,
				C3972A9C18CAD92900D265BA /* AppDelegate.m */,
				C3972A9E18CAD92900D265BA /* Images.xcassets */,
				C3972A9318CAD92900D265BA /* Supporting Files */,
			);
			path = test11_PlotlyTest;
			sourceTree = "<group>";
		};
		C3972A9318CAD92900D265BA /* Supporting Files */ = {
			isa = PBXGroup;
			children = (
				C3972A9418CAD92900D265BA /* test11_PlotlyTest-Info.plist */,
				C3972A9518CAD92900D265BA /* InfoPlist.strings */,
				C3972A9818CAD92900D265BA /* main.m */,
				C3972A9A18CAD92900D265BA /* test11_PlotlyTest-Prefix.pch */,
			);
			name = "Supporting Files";
			sourceTree = "<group>";
		};
		C3972AAB18CAD92900D265BA /* test11_PlotlyTestTests */ = {
			isa = PBXGroup;
			children = (
				C3972AB118CAD92900D265BA /* test11_PlotlyTestTests.m */,
				C3972AAC18CAD92900D265BA /* Supporting Files */,
			);
			path = test11_PlotlyTestTests;
			sourceTree = "<group>";
		};
		C3972AAC18CAD92900D265BA /* Supporting Files */ = {
			isa = PBXGroup;
			children = (
				C3972AAD18CAD92900D265BA /* test11_PlotlyTestTests-Info.plist */,
				C3972AAE18CAD92900D265BA /* InfoPlist.strings */,
			);
			name = "Supporting Files";
			sourceTree = "<group>";
		};
/* End PBXGroup section */

/* Begin PBXNativeTarget section */
		C3972A8818CAD92900D265BA /* test11_PlotlyTest */ = {
			isa = PBXNativeTarget;
			buildConfigurationList = C3972AB518CAD92900D265BA /* Build configuration list for PBXNativeTarget "test11_PlotlyTest" */;
			buildPhases = (
				C3972A8518CAD92900D265BA /* Sources */,
				C3972A8618CAD92900D265BA /* Frameworks */,
				C3972A8718CAD92900D265BA /* Resources */,
			);
			buildRules = (
			);
			dependencies = (
			);
			name = test11_PlotlyTest;
			productName = test11_PlotlyTest;
			productReference = C3972A8918CAD92900D265BA /* test11_PlotlyTest.app */;
			productType = "com.apple.product-type.application";
		};
		C3972AA318CAD92900D265BA /* test11_PlotlyTestTests */ = {
			isa = PBXNativeTarget;
			buildConfigurationList = C3972AB818CAD92900D265BA /* Build configuration list for PBXNativeTarget "test11_PlotlyTestTests" */;
			buildPhases = (
				C3972AA018CAD92900D265BA /* Sources */,
				C3972AA118CAD92900D265BA /* Frameworks */,
				C3972AA218CAD92900D265BA /* Resources */,
			);
			buildRules = (
			);
			dependencies = (
				C3972AAA18CAD92900D265BA /* PBXTargetDependency */,
			);
			name = test11_PlotlyTestTests;
			productName = test11_PlotlyTestTests;
			productReference = C3972AA418CAD92900D265BA /* test11_PlotlyTestTests.xctest */;
			productType = "com.apple.product-type.bundle.unit-test";
		};
/* End PBXNativeTarget section */

/* Begin PBXProject section */
		C3972A8118CAD92900D265BA /* Project object */ = {
			isa = PBXProject;
			attributes = {
				LastUpgradeCheck = 0500;
				ORGANIZATIONNAME = AkihiroMasuda;
				TargetAttributes = {
					C3972AA318CAD92900D265BA = {
						TestTargetID = C3972A8818CAD92900D265BA;
					};
				};
			};
			buildConfigurationList = C3972A8418CAD92900D265BA /* Build configuration list for PBXProject "test11_PlotlyTest" */;
			compatibilityVersion = "Xcode 3.2";
			developmentRegion = English;
			hasScannedForEncodings = 0;
			knownRegions = (
				en,
			);
			mainGroup = C3972A8018CAD92900D265BA;
			productRefGroup = C3972A8A18CAD92900D265BA /* Products */;
			projectDirPath = "";
			projectRoot = "";
			targets = (
				C3972A8818CAD92900D265BA /* test11_PlotlyTest */,
				C3972AA318CAD92900D265BA /* test11_PlotlyTestTests */,
			);
		};
/* End PBXProject section */

/* Begin PBXResourcesBuildPhase section */
		C3972A8718CAD92900D265BA /* Resources */ = {
			isa = PBXResourcesBuildPhase;
			buildActionMask = 2147483647;
			files = (
				C3972A9718CAD92900D265BA /* InfoPlist.strings in Resources */,
				C3972A9F18CAD92900D265BA /* Images.xcassets in Resources */,
			);
			runOnlyForDeploymentPostprocessing = 0;
		};
		C3972AA218CAD92900D265BA /* Resources */ = {
			isa = PBXResourcesBuildPhase;
			buildActionMask = 2147483647;
			files = (
				C3972AB018CAD92900D265BA /* InfoPlist.strings in Resources */,
			);
			runOnlyForDeploymentPostprocessing = 0;
		};
/* End PBXResourcesBuildPhase section */

/* Begin PBXSourcesBuildPhase section */
		C3972A8518CAD92900D265BA /* Sources */ = {
			isa = PBXSourcesBuildPhase;
			buildActionMask = 2147483647;
			files = (
				C3972A9D18CAD92900D265BA /* AppDelegate.m in Sources */,
				C3972A9918CAD92900D265BA /* main.m in Sources */,
			);
			runOnlyForDeploymentPostprocessing = 0;
		};
		C3972AA018CAD92900D265BA /* Sources */ = {
			isa = PBXSourcesBuildPhase;
			buildActionMask = 2147483647;
			files = (
				C3972AB218CAD92900D265BA /* test11_PlotlyTestTests.m in Sources */,
			);
			runOnlyForDeploymentPostprocessing = 0;
		};
/* End PBXSourcesBuildPhase section */

/* Begin PBXTargetDependency section */
		C3972AAA18CAD92900D265BA /* PBXTargetDependency */ = {
			isa = PBXTargetDependency;
			target = C3972A8818CAD92900D265BA /* test11_PlotlyTest */;
			targetProxy = C3972AA918CAD92900D265BA /* PBXContainerItemProxy */;
		};
/* End PBXTargetDependency section */

/* Begin PBXVariantGroup section */
		C3972A9518CAD92900D265BA /* InfoPlist.strings */ = {
			isa = PBXVariantGroup;
			children = (
				C3972A9618CAD92900D265BA /* en */,
			);
			name = InfoPlist.strings;
			sourceTree = "<group>";
		};
		C3972AAE18CAD92900D265BA /* InfoPlist.strings */ = {
			isa = PBXVariantGroup;
			children = (
				C3972AAF18CAD92900D265BA /* en */,
			);
			name = InfoPlist.strings;
			sourceTree = "<group>";
		};
/* End PBXVariantGroup section */

/* Begin XCBuildConfiguration section */
		C3972AB318CAD92900D265BA /* Debug */ = {
			isa = XCBuildConfiguration;
			buildSettings = {
				ALWAYS_SEARCH_USER_PATHS = NO;
				ARCHS = "$(ARCHS_STANDARD_INCLUDING_64_BIT)";
				CLANG_CXX_LANGUAGE_STANDARD = "gnu++0x";
				CLANG_CXX_LIBRARY = "libc++";
				CLANG_ENABLE_MODULES = YES;
				CLANG_ENABLE_OBJC_ARC = YES;
				CLANG_WARN_BOOL_CONVERSION = YES;
				CLANG_WARN_CONSTANT_CONVERSION = YES;
				CLANG_WARN_DIRECT_OBJC_ISA_USAGE = YES_ERROR;
				CLANG_WARN_EMPTY_BODY = YES;
				CLANG_WARN_ENUM_CONVERSION = YES;
				CLANG_WARN_INT_CONVERSION = YES;
				CLANG_WARN_OBJC_ROOT_CLASS = YES_ERROR;
				CLANG_WARN__DUPLICATE_METHOD_MATCH = YES;
				"CODE_SIGN_IDENTITY[sdk=iphoneos*]" = "iPhone Developer";
				COPY_PHASE_STRIP = NO;
				GCC_C_LANGUAGE_STANDARD = gnu99;
				GCC_DYNAMIC_NO_PIC = NO;
				GCC_OPTIMIZATION_LEVEL = 0;
				GCC_PREPROCESSOR_DEFINITIONS = (
					"DEBUG=1",
					"$(inherited)",
				);
				GCC_SYMBOLS_PRIVATE_EXTERN = NO;
				GCC_WARN_64_TO_32_BIT_CONVERSION = YES;
				GCC_WARN_ABOUT_RETURN_TYPE = YES_ERROR;
				GCC_WARN_UNDECLARED_SELECTOR = YES;
				GCC_WARN_UNINITIALIZED_AUTOS = YES;
				GCC_WARN_UNUSED_FUNCTION = YES;
				GCC_WARN_UNUSED_VARIABLE = YES;
				IPHONEOS_DEPLOYMENT_TARGET = 7.0;
				ONLY_ACTIVE_ARCH = YES;
				SDKROOT = iphoneos;
				TARGETED_DEVICE_FAMILY = "1,2";
			};
			name = Debug;
		};
		C3972AB418CAD92900D265BA /* Release */ = {
			isa = XCBuildConfiguration;
			buildSettings = {
				ALWAYS_SEARCH_USER_PATHS = NO;
				ARCHS = "$(ARCHS_STANDARD_INCLUDING_64_BIT)";
				CLANG_CXX_LANGUAGE_STANDARD = "gnu++0x";
				CLANG_CXX_LIBRARY = "libc++";
				CLANG_ENABLE_MODULES = YES;
				CLANG_ENABLE_OBJC_ARC = YES;
				CLANG_WARN_BOOL_CONVERSION = YES;
				CLANG_WARN_CONSTANT_CONVERSION = YES;
				CLANG_WARN_DIRECT_OBJC_ISA_USAGE = YES_ERROR;
				CLANG_WARN_EMPTY_BODY = YES;
				CLANG_WARN_ENUM_CONVERSION = YES;
				CLANG_WARN_INT_CONVERSION = YES;
				CLANG_WARN_OBJC_ROOT_CLASS = YES_ERROR;
				CLANG_WARN__DUPLICATE_METHOD_MATCH = YES;
				"CODE_SIGN_IDENTITY[sdk=iphoneos*]" = "iPhone Developer";
				COPY_PHASE_STRIP = YES;
				ENABLE_NS_ASSERTIONS = NO;
				GCC_C_LANGUAGE_STANDARD = gnu99;
				GCC_WARN_64_TO_32_BIT_CONVERSION = YES;
				GCC_WARN_ABOUT_RETURN_TYPE = YES_ERROR;
				GCC_WARN_UNDECLARED_SELECTOR = YES;
				GCC_WARN_UNINITIALIZED_AUTOS = YES;
				GCC_WARN_UNUSED_FUNCTION = YES;
				GCC_WARN_UNUSED_VARIABLE = YES;
				IPHONEOS_DEPLOYMENT_TARGET = 7.0;
				SDKROOT = iphoneos;
				TARGETED_DEVICE_FAMILY = "1,2";
				VALIDATE_PRODUCT = YES;
			};
			name = Release;
		};
		C3972AB618CAD92900D265BA /* Debug */ = {
			isa = XCBuildConfiguration;
			buildSettings = {
				ASSETCATALOG_COMPILER_APPICON_NAME = AppIcon;
				ASSETCATALOG_COMPILER_LAUNCHIMAGE_NAME = LaunchImage;
				GCC_PRECOMPILE_PREFIX_HEADER = YES;
				GCC_PREFIX_HEADER = "test11_PlotlyTest/test11_PlotlyTest-Prefix.pch";
				INFOPLIST_FILE = "test11_PlotlyTest/test11_PlotlyTest-Info.plist";
				PRODUCT_NAME = "$(TARGET_NAME)";
				WRAPPER_EXTENSION = app;
			};
			name = Debug;
		};
		C3972AB718CAD92900D265BA /* Release */ = {
			isa = XCBuildConfiguration;
			buildSettings = {
				ASSETCATALOG_COMPILER_APPICON_NAME = AppIcon;
				ASSETCATALOG_COMPILER_LAUNCHIMAGE_NAME = LaunchImage;
				GCC_PRECOMPILE_PREFIX_HEADER = YES;
				GCC_PREFIX_HEADER = "test11_PlotlyTest/test11_PlotlyTest-Prefix.pch";
				INFOPLIST_FILE = "test11_PlotlyTest/test11_PlotlyTest-Info.plist";
				PRODUCT_NAME = "$(TARGET_NAME)";
				WRAPPER_EXTENSION = app;
			};
			name = Release;
		};
		C3972AB918CAD92900D265BA /* Debug */ = {
			isa = XCBuildConfiguration;
			buildSettings = {
				ARCHS = "$(ARCHS_STANDARD_INCLUDING_64_BIT)";
				BUNDLE_LOADER = "$(BUILT_PRODUCTS_DIR)/test11_PlotlyTest.app/test11_PlotlyTest";
				FRAMEWORK_SEARCH_PATHS = (
					"$(SDKROOT)/Developer/Library/Frameworks",
					"$(inherited)",
					"$(DEVELOPER_FRAMEWORKS_DIR)",
				);
				GCC_PRECOMPILE_PREFIX_HEADER = YES;
				GCC_PREFIX_HEADER = "test11_PlotlyTest/test11_PlotlyTest-Prefix.pch";
				GCC_PREPROCESSOR_DEFINITIONS = (
					"DEBUG=1",
					"$(inherited)",
				);
				INFOPLIST_FILE = "test11_PlotlyTestTests/test11_PlotlyTestTests-Info.plist";
				PRODUCT_NAME = "$(TARGET_NAME)";
				TEST_HOST = "$(BUNDLE_LOADER)";
				WRAPPER_EXTENSION = xctest;
			};
			name = Debug;
		};
		C3972ABA18CAD92900D265BA /* Release */ = {
			isa = XCBuildConfiguration;
			buildSettings = {
				ARCHS = "$(ARCHS_STANDARD_INCLUDING_64_BIT)";
				BUNDLE_LOADER = "$(BUILT_PRODUCTS_DIR)/test11_PlotlyTest.app/test11_PlotlyTest";
				FRAMEWORK_SEARCH_PATHS = (
					"$(SDKROOT)/Developer/Library/Frameworks",
					"$(inherited)",
					"$(DEVELOPER_FRAMEWORKS_DIR)",
				);
				GCC_PRECOMPILE_PREFIX_HEADER = YES;
				GCC_PREFIX_HEADER = "test11_PlotlyTest/test11_PlotlyTest-Prefix.pch";
				INFOPLIST_FILE = "test11_PlotlyTestTests/test11_PlotlyTestTests-Info.plist";
				PRODUCT_NAME = "$(TARGET_NAME)";
				TEST_HOST = "$(BUNDLE_LOADER)";
				WRAPPER_EXTENSION = xctest;
			};
			name = Release;
		};
/* End XCBuildConfiguration section */

/* Begin XCConfigurationList section */
		C3972A8418CAD92900D265BA /* Build configuration list for PBXProject "test11_PlotlyTest" */ = {
			isa = XCConfigurationList;
			buildConfigurations = (
				C3972AB318CAD92900D265BA /* Debug */,
				C3972AB418CAD92900D265BA /* Release */,
			);
			defaultConfigurationIsVisible = 0;
			defaultConfigurationName = Release;
		};
		C3972AB518CAD92900D265BA /* Build configuration list for PBXNativeTarget "test11_PlotlyTest" */ = {
			isa = XCConfigurationList;
			buildConfigurations = (
				C3972AB618CAD92900D265BA /* Debug */,
				C3972AB718CAD92900D265BA /* Release */,
			);
			defaultConfigurationIsVisible = 0;
		};
		C3972AB818CAD92900D265BA /* Build configuration list for PBXNativeTarget "test11_PlotlyTestTests" */ = {
			isa = XCConfigurationList;
			buildConfigurations = (
				C3972AB918CAD92900D265BA /* Debug */,
				C3972ABA18CAD92900D265BA /* Release */,
			);
			defaultConfigurationIsVisible = 0;
		};
/* End XCConfigurationList section */
	};
	rootObject = C3972A8118CAD92900D265BA /* Project object */;
}
