// !$*UTF8*$!
{
	archiveVersion = 1;
	classes = {
	};
	objectVersion = 46;
	objects = {

/* Begin PBXBuildFile section */
		C337493E18B9822200709D90 /* Foundation.framework in Frameworks */ = {isa = PBXBuildFile; fileRef = C337493D18B9822200709D90 /* Foundation.framework */; };
		C337494018B9822200709D90 /* CoreGraphics.framework in Frameworks */ = {isa = PBXBuildFile; fileRef = C337493F18B9822200709D90 /* CoreGraphics.framework */; };
		C337494218B9822200709D90 /* UIKit.framework in Frameworks */ = {isa = PBXBuildFile; fileRef = C337494118B9822200709D90 /* UIKit.framework */; };
		C337494818B9822200709D90 /* InfoPlist.strings in Resources */ = {isa = PBXBuildFile; fileRef = C337494618B9822200709D90 /* InfoPlist.strings */; };
		C337494A18B9822200709D90 /* main.m in Sources */ = {isa = PBXBuildFile; fileRef = C337494918B9822200709D90 /* main.m */; };
		C337494E18B9822200709D90 /* AppDelegate.m in Sources */ = {isa = PBXBuildFile; fileRef = C337494D18B9822200709D90 /* AppDelegate.m */; };
		C337495018B9822200709D90 /* Images.xcassets in Resources */ = {isa = PBXBuildFile; fileRef = C337494F18B9822200709D90 /* Images.xcassets */; };
		C337495718B9822200709D90 /* XCTest.framework in Frameworks */ = {isa = PBXBuildFile; fileRef = C337495618B9822200709D90 /* XCTest.framework */; };
		C337495818B9822200709D90 /* Foundation.framework in Frameworks */ = {isa = PBXBuildFile; fileRef = C337493D18B9822200709D90 /* Foundation.framework */; };
		C337495918B9822200709D90 /* UIKit.framework in Frameworks */ = {isa = PBXBuildFile; fileRef = C337494118B9822200709D90 /* UIKit.framework */; };
		C337496118B9822200709D90 /* InfoPlist.strings in Resources */ = {isa = PBXBuildFile; fileRef = C337495F18B9822200709D90 /* InfoPlist.strings */; };
		C337496318B9822200709D90 /* test10_CarouselTests.m in Sources */ = {isa = PBXBuildFile; fileRef = C337496218B9822200709D90 /* test10_CarouselTests.m */; };
/* End PBXBuildFile section */

/* Begin PBXContainerItemProxy section */
		C337495A18B9822200709D90 /* PBXContainerItemProxy */ = {
			isa = PBXContainerItemProxy;
			containerPortal = C337493218B9822200709D90 /* Project object */;
			proxyType = 1;
			remoteGlobalIDString = C337493918B9822200709D90;
			remoteInfo = test10_Carousel;
		};
/* End PBXContainerItemProxy section */

/* Begin PBXFileReference section */
		C337493A18B9822200709D90 /* test10_Carousel.app */ = {isa = PBXFileReference; explicitFileType = wrapper.application; includeInIndex = 0; path = test10_Carousel.app; sourceTree = BUILT_PRODUCTS_DIR; };
		C337493D18B9822200709D90 /* Foundation.framework */ = {isa = PBXFileReference; lastKnownFileType = wrapper.framework; name = Foundation.framework; path = System/Library/Frameworks/Foundation.framework; sourceTree = SDKROOT; };
		C337493F18B9822200709D90 /* CoreGraphics.framework */ = {isa = PBXFileReference; lastKnownFileType = wrapper.framework; name = CoreGraphics.framework; path = System/Library/Frameworks/CoreGraphics.framework; sourceTree = SDKROOT; };
		C337494118B9822200709D90 /* UIKit.framework */ = {isa = PBXFileReference; lastKnownFileType = wrapper.framework; name = UIKit.framework; path = System/Library/Frameworks/UIKit.framework; sourceTree = SDKROOT; };
		C337494518B9822200709D90 /* test10_Carousel-Info.plist */ = {isa = PBXFileReference; lastKnownFileType = text.plist.xml; path = "test10_Carousel-Info.plist"; sourceTree = "<group>"; };
		C337494718B9822200709D90 /* en */ = {isa = PBXFileReference; lastKnownFileType = text.plist.strings; name = en; path = en.lproj/InfoPlist.strings; sourceTree = "<group>"; };
		C337494918B9822200709D90 /* main.m */ = {isa = PBXFileReference; lastKnownFileType = sourcecode.c.objc; path = main.m; sourceTree = "<group>"; };
		C337494B18B9822200709D90 /* test10_Carousel-Prefix.pch */ = {isa = PBXFileReference; lastKnownFileType = sourcecode.c.h; path = "test10_Carousel-Prefix.pch"; sourceTree = "<group>"; };
		C337494C18B9822200709D90 /* AppDelegate.h */ = {isa = PBXFileReference; lastKnownFileType = sourcecode.c.h; path = AppDelegate.h; sourceTree = "<group>"; };
		C337494D18B9822200709D90 /* AppDelegate.m */ = {isa = PBXFileReference; lastKnownFileType = sourcecode.c.objc; path = AppDelegate.m; sourceTree = "<group>"; };
		C337494F18B9822200709D90 /* Images.xcassets */ = {isa = PBXFileReference; lastKnownFileType = folder.assetcatalog; path = Images.xcassets; sourceTree = "<group>"; };
		C337495518B9822200709D90 /* test10_CarouselTests.xctest */ = {isa = PBXFileReference; explicitFileType = wrapper.cfbundle; includeInIndex = 0; path = test10_CarouselTests.xctest; sourceTree = BUILT_PRODUCTS_DIR; };
		C337495618B9822200709D90 /* XCTest.framework */ = {isa = PBXFileReference; lastKnownFileType = wrapper.framework; name = XCTest.framework; path = Library/Frameworks/XCTest.framework; sourceTree = DEVELOPER_DIR; };
		C337495E18B9822200709D90 /* test10_CarouselTests-Info.plist */ = {isa = PBXFileReference; lastKnownFileType = text.plist.xml; path = "test10_CarouselTests-Info.plist"; sourceTree = "<group>"; };
		C337496018B9822200709D90 /* en */ = {isa = PBXFileReference; lastKnownFileType = text.plist.strings; name = en; path = en.lproj/InfoPlist.strings; sourceTree = "<group>"; };
		C337496218B9822200709D90 /* test10_CarouselTests.m */ = {isa = PBXFileReference; lastKnownFileType = sourcecode.c.objc; path = test10_CarouselTests.m; sourceTree = "<group>"; };
/* End PBXFileReference section */

/* Begin PBXFrameworksBuildPhase section */
		C337493718B9822200709D90 /* Frameworks */ = {
			isa = PBXFrameworksBuildPhase;
			buildActionMask = 2147483647;
			files = (
				C337494018B9822200709D90 /* CoreGraphics.framework in Frameworks */,
				C337494218B9822200709D90 /* UIKit.framework in Frameworks */,
				C337493E18B9822200709D90 /* Foundation.framework in Frameworks */,
			);
			runOnlyForDeploymentPostprocessing = 0;
		};
		C337495218B9822200709D90 /* Frameworks */ = {
			isa = PBXFrameworksBuildPhase;
			buildActionMask = 2147483647;
			files = (
				C337495718B9822200709D90 /* XCTest.framework in Frameworks */,
				C337495918B9822200709D90 /* UIKit.framework in Frameworks */,
				C337495818B9822200709D90 /* Foundation.framework in Frameworks */,
			);
			runOnlyForDeploymentPostprocessing = 0;
		};
/* End PBXFrameworksBuildPhase section */

/* Begin PBXGroup section */
		C337493118B9822200709D90 = {
			isa = PBXGroup;
			children = (
				C337494318B9822200709D90 /* test10_Carousel */,
				C337495C18B9822200709D90 /* test10_CarouselTests */,
				C337493C18B9822200709D90 /* Frameworks */,
				C337493B18B9822200709D90 /* Products */,
			);
			sourceTree = "<group>";
		};
		C337493B18B9822200709D90 /* Products */ = {
			isa = PBXGroup;
			children = (
				C337493A18B9822200709D90 /* test10_Carousel.app */,
				C337495518B9822200709D90 /* test10_CarouselTests.xctest */,
			);
			name = Products;
			sourceTree = "<group>";
		};
		C337493C18B9822200709D90 /* Frameworks */ = {
			isa = PBXGroup;
			children = (
				C337493D18B9822200709D90 /* Foundation.framework */,
				C337493F18B9822200709D90 /* CoreGraphics.framework */,
				C337494118B9822200709D90 /* UIKit.framework */,
				C337495618B9822200709D90 /* XCTest.framework */,
			);
			name = Frameworks;
			sourceTree = "<group>";
		};
		C337494318B9822200709D90 /* test10_Carousel */ = {
			isa = PBXGroup;
			children = (
				C337494C18B9822200709D90 /* AppDelegate.h */,
				C337494D18B9822200709D90 /* AppDelegate.m */,
				C337494F18B9822200709D90 /* Images.xcassets */,
				C337494418B9822200709D90 /* Supporting Files */,
			);
			path = test10_Carousel;
			sourceTree = "<group>";
		};
		C337494418B9822200709D90 /* Supporting Files */ = {
			isa = PBXGroup;
			children = (
				C337494518B9822200709D90 /* test10_Carousel-Info.plist */,
				C337494618B9822200709D90 /* InfoPlist.strings */,
				C337494918B9822200709D90 /* main.m */,
				C337494B18B9822200709D90 /* test10_Carousel-Prefix.pch */,
			);
			name = "Supporting Files";
			sourceTree = "<group>";
		};
		C337495C18B9822200709D90 /* test10_CarouselTests */ = {
			isa = PBXGroup;
			children = (
				C337496218B9822200709D90 /* test10_CarouselTests.m */,
				C337495D18B9822200709D90 /* Supporting Files */,
			);
			path = test10_CarouselTests;
			sourceTree = "<group>";
		};
		C337495D18B9822200709D90 /* Supporting Files */ = {
			isa = PBXGroup;
			children = (
				C337495E18B9822200709D90 /* test10_CarouselTests-Info.plist */,
				C337495F18B9822200709D90 /* InfoPlist.strings */,
			);
			name = "Supporting Files";
			sourceTree = "<group>";
		};
/* End PBXGroup section */

/* Begin PBXNativeTarget section */
		C337493918B9822200709D90 /* test10_Carousel */ = {
			isa = PBXNativeTarget;
			buildConfigurationList = C337496618B9822200709D90 /* Build configuration list for PBXNativeTarget "test10_Carousel" */;
			buildPhases = (
				C337493618B9822200709D90 /* Sources */,
				C337493718B9822200709D90 /* Frameworks */,
				C337493818B9822200709D90 /* Resources */,
			);
			buildRules = (
			);
			dependencies = (
			);
			name = test10_Carousel;
			productName = test10_Carousel;
			productReference = C337493A18B9822200709D90 /* test10_Carousel.app */;
			productType = "com.apple.product-type.application";
		};
		C337495418B9822200709D90 /* test10_CarouselTests */ = {
			isa = PBXNativeTarget;
			buildConfigurationList = C337496918B9822200709D90 /* Build configuration list for PBXNativeTarget "test10_CarouselTests" */;
			buildPhases = (
				C337495118B9822200709D90 /* Sources */,
				C337495218B9822200709D90 /* Frameworks */,
				C337495318B9822200709D90 /* Resources */,
			);
			buildRules = (
			);
			dependencies = (
				C337495B18B9822200709D90 /* PBXTargetDependency */,
			);
			name = test10_CarouselTests;
			productName = test10_CarouselTests;
			productReference = C337495518B9822200709D90 /* test10_CarouselTests.xctest */;
			productType = "com.apple.product-type.bundle.unit-test";
		};
/* End PBXNativeTarget section */

/* Begin PBXProject section */
		C337493218B9822200709D90 /* Project object */ = {
			isa = PBXProject;
			attributes = {
				LastUpgradeCheck = 0500;
				ORGANIZATIONNAME = AkihiroMasuda;
				TargetAttributes = {
					C337495418B9822200709D90 = {
						TestTargetID = C337493918B9822200709D90;
					};
				};
			};
			buildConfigurationList = C337493518B9822200709D90 /* Build configuration list for PBXProject "test10_Carousel" */;
			compatibilityVersion = "Xcode 3.2";
			developmentRegion = English;
			hasScannedForEncodings = 0;
			knownRegions = (
				en,
			);
			mainGroup = C337493118B9822200709D90;
			productRefGroup = C337493B18B9822200709D90 /* Products */;
			projectDirPath = "";
			projectRoot = "";
			targets = (
				C337493918B9822200709D90 /* test10_Carousel */,
				C337495418B9822200709D90 /* test10_CarouselTests */,
			);
		};
/* End PBXProject section */

/* Begin PBXResourcesBuildPhase section */
		C337493818B9822200709D90 /* Resources */ = {
			isa = PBXResourcesBuildPhase;
			buildActionMask = 2147483647;
			files = (
				C337494818B9822200709D90 /* InfoPlist.strings in Resources */,
				C337495018B9822200709D90 /* Images.xcassets in Resources */,
			);
			runOnlyForDeploymentPostprocessing = 0;
		};
		C337495318B9822200709D90 /* Resources */ = {
			isa = PBXResourcesBuildPhase;
			buildActionMask = 2147483647;
			files = (
				C337496118B9822200709D90 /* InfoPlist.strings in Resources */,
			);
			runOnlyForDeploymentPostprocessing = 0;
		};
/* End PBXResourcesBuildPhase section */

/* Begin PBXSourcesBuildPhase section */
		C337493618B9822200709D90 /* Sources */ = {
			isa = PBXSourcesBuildPhase;
			buildActionMask = 2147483647;
			files = (
				C337494E18B9822200709D90 /* AppDelegate.m in Sources */,
				C337494A18B9822200709D90 /* main.m in Sources */,
			);
			runOnlyForDeploymentPostprocessing = 0;
		};
		C337495118B9822200709D90 /* Sources */ = {
			isa = PBXSourcesBuildPhase;
			buildActionMask = 2147483647;
			files = (
				C337496318B9822200709D90 /* test10_CarouselTests.m in Sources */,
			);
			runOnlyForDeploymentPostprocessing = 0;
		};
/* End PBXSourcesBuildPhase section */

/* Begin PBXTargetDependency section */
		C337495B18B9822200709D90 /* PBXTargetDependency */ = {
			isa = PBXTargetDependency;
			target = C337493918B9822200709D90 /* test10_Carousel */;
			targetProxy = C337495A18B9822200709D90 /* PBXContainerItemProxy */;
		};
/* End PBXTargetDependency section */

/* Begin PBXVariantGroup section */
		C337494618B9822200709D90 /* InfoPlist.strings */ = {
			isa = PBXVariantGroup;
			children = (
				C337494718B9822200709D90 /* en */,
			);
			name = InfoPlist.strings;
			sourceTree = "<group>";
		};
		C337495F18B9822200709D90 /* InfoPlist.strings */ = {
			isa = PBXVariantGroup;
			children = (
				C337496018B9822200709D90 /* en */,
			);
			name = InfoPlist.strings;
			sourceTree = "<group>";
		};
/* End PBXVariantGroup section */

/* Begin XCBuildConfiguration section */
		C337496418B9822200709D90 /* Debug */ = {
			isa = XCBuildConfiguration;
			buildSettings = {
				ALWAYS_SEARCH_USER_PATHS = NO;
				ARCHS = "$(ARCHS_STANDARD_INCLUDING_64_BIT)";
				CLANG_CXX_LANGUAGE_STANDARD = "gnu++0x";
				CLANG_CXX_LIBRARY = "libc++";
				CLANG_ENABLE_MODULES = YES;
				CLANG_ENABLE_OBJC_ARC = YES;
				CLANG_WARN_BOOL_CONVERSION = YES;
				CLANG_WARN_CONSTANT_CONVERSION = YES;
				CLANG_WARN_DIRECT_OBJC_ISA_USAGE = YES_ERROR;
				CLANG_WARN_EMPTY_BODY = YES;
				CLANG_WARN_ENUM_CONVERSION = YES;
				CLANG_WARN_INT_CONVERSION = YES;
				CLANG_WARN_OBJC_ROOT_CLASS = YES_ERROR;
				CLANG_WARN__DUPLICATE_METHOD_MATCH = YES;
				"CODE_SIGN_IDENTITY[sdk=iphoneos*]" = "iPhone Developer";
				COPY_PHASE_STRIP = NO;
				GCC_C_LANGUAGE_STANDARD = gnu99;
				GCC_DYNAMIC_NO_PIC = NO;
				GCC_OPTIMIZATION_LEVEL = 0;
				GCC_PREPROCESSOR_DEFINITIONS = (
					"DEBUG=1",
					"$(inherited)",
				);
				GCC_SYMBOLS_PRIVATE_EXTERN = NO;
				GCC_WARN_64_TO_32_BIT_CONVERSION = YES;
				GCC_WARN_ABOUT_RETURN_TYPE = YES_ERROR;
				GCC_WARN_UNDECLARED_SELECTOR = YES;
				GCC_WARN_UNINITIALIZED_AUTOS = YES;
				GCC_WARN_UNUSED_FUNCTION = YES;
				GCC_WARN_UNUSED_VARIABLE = YES;
				IPHONEOS_DEPLOYMENT_TARGET = 7.0;
				ONLY_ACTIVE_ARCH = YES;
				SDKROOT = iphoneos;
				TARGETED_DEVICE_FAMILY = 2;
			};
			name = Debug;
		};
		C337496518B9822200709D90 /* Release */ = {
			isa = XCBuildConfiguration;
			buildSettings = {
				ALWAYS_SEARCH_USER_PATHS = NO;
				ARCHS = "$(ARCHS_STANDARD_INCLUDING_64_BIT)";
				CLANG_CXX_LANGUAGE_STANDARD = "gnu++0x";
				CLANG_CXX_LIBRARY = "libc++";
				CLANG_ENABLE_MODULES = YES;
				CLANG_ENABLE_OBJC_ARC = YES;
				CLANG_WARN_BOOL_CONVERSION = YES;
				CLANG_WARN_CONSTANT_CONVERSION = YES;
				CLANG_WARN_DIRECT_OBJC_ISA_USAGE = YES_ERROR;
				CLANG_WARN_EMPTY_BODY = YES;
				CLANG_WARN_ENUM_CONVERSION = YES;
				CLANG_WARN_INT_CONVERSION = YES;
				CLANG_WARN_OBJC_ROOT_CLASS = YES_ERROR;
				CLANG_WARN__DUPLICATE_METHOD_MATCH = YES;
				"CODE_SIGN_IDENTITY[sdk=iphoneos*]" = "iPhone Developer";
				COPY_PHASE_STRIP = YES;
				ENABLE_NS_ASSERTIONS = NO;
				GCC_C_LANGUAGE_STANDARD = gnu99;
				GCC_WARN_64_TO_32_BIT_CONVERSION = YES;
				GCC_WARN_ABOUT_RETURN_TYPE = YES_ERROR;
				GCC_WARN_UNDECLARED_SELECTOR = YES;
				GCC_WARN_UNINITIALIZED_AUTOS = YES;
				GCC_WARN_UNUSED_FUNCTION = YES;
				GCC_WARN_UNUSED_VARIABLE = YES;
				IPHONEOS_DEPLOYMENT_TARGET = 7.0;
				SDKROOT = iphoneos;
				TARGETED_DEVICE_FAMILY = 2;
				VALIDATE_PRODUCT = YES;
			};
			name = Release;
		};
		C337496718B9822200709D90 /* Debug */ = {
			isa = XCBuildConfiguration;
			buildSettings = {
				ASSETCATALOG_COMPILER_APPICON_NAME = AppIcon;
				ASSETCATALOG_COMPILER_LAUNCHIMAGE_NAME = LaunchImage;
				GCC_PRECOMPILE_PREFIX_HEADER = YES;
				GCC_PREFIX_HEADER = "test10_Carousel/test10_Carousel-Prefix.pch";
				INFOPLIST_FILE = "test10_Carousel/test10_Carousel-Info.plist";
				PRODUCT_NAME = "$(TARGET_NAME)";
				WRAPPER_EXTENSION = app;
			};
			name = Debug;
		};
		C337496818B9822200709D90 /* Release */ = {
			isa = XCBuildConfiguration;
			buildSettings = {
				ASSETCATALOG_COMPILER_APPICON_NAME = AppIcon;
				ASSETCATALOG_COMPILER_LAUNCHIMAGE_NAME = LaunchImage;
				GCC_PRECOMPILE_PREFIX_HEADER = YES;
				GCC_PREFIX_HEADER = "test10_Carousel/test10_Carousel-Prefix.pch";
				INFOPLIST_FILE = "test10_Carousel/test10_Carousel-Info.plist";
				PRODUCT_NAME = "$(TARGET_NAME)";
				WRAPPER_EXTENSION = app;
			};
			name = Release;
		};
		C337496A18B9822200709D90 /* Debug */ = {
			isa = XCBuildConfiguration;
			buildSettings = {
				ARCHS = "$(ARCHS_STANDARD_INCLUDING_64_BIT)";
				BUNDLE_LOADER = "$(BUILT_PRODUCTS_DIR)/test10_Carousel.app/test10_Carousel";
				FRAMEWORK_SEARCH_PATHS = (
					"$(SDKROOT)/Developer/Library/Frameworks",
					"$(inherited)",
					"$(DEVELOPER_FRAMEWORKS_DIR)",
				);
				GCC_PRECOMPILE_PREFIX_HEADER = YES;
				GCC_PREFIX_HEADER = "test10_Carousel/test10_Carousel-Prefix.pch";
				GCC_PREPROCESSOR_DEFINITIONS = (
					"DEBUG=1",
					"$(inherited)",
				);
				INFOPLIST_FILE = "test10_CarouselTests/test10_CarouselTests-Info.plist";
				PRODUCT_NAME = "$(TARGET_NAME)";
				TEST_HOST = "$(BUNDLE_LOADER)";
				WRAPPER_EXTENSION = xctest;
			};
			name = Debug;
		};
		C337496B18B9822200709D90 /* Release */ = {
			isa = XCBuildConfiguration;
			buildSettings = {
				ARCHS = "$(ARCHS_STANDARD_INCLUDING_64_BIT)";
				BUNDLE_LOADER = "$(BUILT_PRODUCTS_DIR)/test10_Carousel.app/test10_Carousel";
				FRAMEWORK_SEARCH_PATHS = (
					"$(SDKROOT)/Developer/Library/Frameworks",
					"$(inherited)",
					"$(DEVELOPER_FRAMEWORKS_DIR)",
				);
				GCC_PRECOMPILE_PREFIX_HEADER = YES;
				GCC_PREFIX_HEADER = "test10_Carousel/test10_Carousel-Prefix.pch";
				INFOPLIST_FILE = "test10_CarouselTests/test10_CarouselTests-Info.plist";
				PRODUCT_NAME = "$(TARGET_NAME)";
				TEST_HOST = "$(BUNDLE_LOADER)";
				WRAPPER_EXTENSION = xctest;
			};
			name = Release;
		};
/* End XCBuildConfiguration section */

/* Begin XCConfigurationList section */
		C337493518B9822200709D90 /* Build configuration list for PBXProject "test10_Carousel" */ = {
			isa = XCConfigurationList;
			buildConfigurations = (
				C337496418B9822200709D90 /* Debug */,
				C337496518B9822200709D90 /* Release */,
			);
			defaultConfigurationIsVisible = 0;
			defaultConfigurationName = Release;
		};
		C337496618B9822200709D90 /* Build configuration list for PBXNativeTarget "test10_Carousel" */ = {
			isa = XCConfigurationList;
			buildConfigurations = (
				C337496718B9822200709D90 /* Debug */,
				C337496818B9822200709D90 /* Release */,
			);
			defaultConfigurationIsVisible = 0;
		};
		C337496918B9822200709D90 /* Build configuration list for PBXNativeTarget "test10_CarouselTests" */ = {
			isa = XCConfigurationList;
			buildConfigurations = (
				C337496A18B9822200709D90 /* Debug */,
				C337496B18B9822200709D90 /* Release */,
			);
			defaultConfigurationIsVisible = 0;
		};
/* End XCConfigurationList section */
	};
	rootObject = C337493218B9822200709D90 /* Project object */;
}
